
Microsoft Visual Studio Solution File, Format Version 12.00
# Visual Studio Version 18
VisualStudioVersion = 18.0.11222.15 d18.0
MinimumVisualStudioVersion = 10.0.40219.1
Project("{2150E333-8FDC-42A3-9474-1A3956D46DE8}") = "App", "App", "{B73E1E8C-2AD3-4484-99F8-6E3665A12A62}"
EndProject
Project("{FAE04EC0-301F-11D3-BF4B-00C04F79EFBC}") = "Propaika-main-app", "Propaika-main-app\Propaika-main-app.csproj", "{AAFB9C59-9DC7-42E6-A600-AE285BDCAE9D}"
EndProject
Global
	GlobalSection(SolutionConfigurationPlatforms) = preSolution
		Debug|Any CPU = Debug|Any CPU
		Release|Any CPU = Release|Any CPU
	EndGlobalSection
	GlobalSection(ProjectConfigurationPlatforms) = postSolution
		{AAFB9C59-9DC7-42E6-A600-AE285BDCAE9D}.Debug|Any CPU.ActiveCfg = Debug|Any CPU
		{AAFB9C59-9DC7-42E6-A600-AE285BDCAE9D}.Debug|Any CPU.Build.0 = Debug|Any CPU
		{AAFB9C59-9DC7-42E6-A600-AE285BDCAE9D}.Release|Any CPU.ActiveCfg = Release|Any CPU
		{AAFB9C59-9DC7-42E6-A600-AE285BDCAE9D}.Release|Any CPU.Build.0 = Release|Any CPU
	EndGlobalSection
	GlobalSection(SolutionProperties) = preSolution
		HideSolutionNode = FALSE
	EndGlobalSection
	GlobalSection(NestedProjects) = preSolution
		{AAFB9C59-9DC7-42E6-A600-AE285BDCAE9D} = {B73E1E8C-2AD3-4484-99F8-6E3665A12A62}
	EndGlobalSection
	GlobalSection(ExtensibilityGlobals) = postSolution
		SolutionGuid = {F6A76F84-B7D3-4785-954D-09AAD738335A}
	EndGlobalSection
EndGlobal
